lockfileVersion: '6.0'

settings:
  autoInstallPeers: true
  excludeLinksFromLockfile: false

dependencies:
  express-mongodb:
    specifier: ^0.0.4
    version: 0.0.4
  readline-sync:
    specifier: ^1.4.10
    version: 1.4.10
  twt-api:
    specifier: ^1.1.0
    version: 1.1.0
  xauth-login:
    specifier: ^1.0.1
    version: 1.0.1

packages:

  /bson@0.0.4:
    resolution: {integrity: sha512-SA5BeVWosFZUgiMJE0hinNz3MMzuWvNNInmzeJBeOdVAEQocCGAqb88VyB6FOjP+T5RuGkEZ9+Qv5qkDk+u7bw==}
    engines: {node: '>=0.4.0'}
    deprecated: Fixed a critical issue with BSON serialization documented in CVE-2019-2391, see https://bit.ly/2KcpXdo for more details
    requiresBuild: true
    dev: false

  /connect@1.9.2:
    resolution: {integrity: sha512-6Z9RPjQOHjaI47gK385djHVv7SEkRm1Y9AAvBhiI7gSXpO5sFktTkAD+dkbcaiEo2xaNlS1KIJU3XRxqbPLx6w==}
    deprecated: connect 1.x series is deprecated
    dependencies:
      formidable: 1.0.17
      mime: 1.2.4
      qs: 0.4.2
    dev: false

  /express-mongodb@0.0.4:
    resolution: {integrity: sha512-ZQE+E3c1NGggoFyZrRlxVpC56J2L4Sl7jLuNoPb+I62H4qMxWMJvCRpT1SNmAvfPj+AwHVHLqyeBkEIIDR5e0g==}
    engines: {node: '>=0.5'}
    dependencies:
      express: 2.5.11
      mongoose: 2.5.14
    dev: false

  /express@2.5.11:
    resolution: {integrity: sha512-gc3jJ0P3Bh1Zjkxe0ICSNmjhDvYWKiXfQIdDWuRPr8S4IZAZexzJHjrzNz56LsRKHTL0OiXQq602GfwZjZ8xPQ==}
    deprecated: express 2.x series is deprecated
    hasBin: true
    dependencies:
      connect: 1.9.2
      mime: 1.2.4
      mkdirp: 0.3.0
      qs: 0.4.2
    dev: false

  /formidable@1.0.17:
    resolution: {integrity: sha512-95MFT5qipMvUiesmuvGP1BI4hh5XWCzyTapiNJ/k8JBQda7rPy7UCWYItz2uZEdTgGNy1eInjzlL9Wx1O9fedg==}
    engines: {node: '>=0.8.0'}
    deprecated: 'Please upgrade to latest, formidable@v2 or formidable@v3! Check these notes: https://bit.ly/2ZEqIau'
    dev: false

  /hooks@0.2.0:
    resolution: {integrity: sha512-lQsHW1pqF+Bd1sSTIm6+LWlBoKSB1lH44OwOm2lNTEPsqoH3jjTzZNy5G93Jdmw+lihBlMEggL988jpsOj3kCw==}
    engines: {node: '>=0.4.0'}
    dev: false

  /mime@1.2.4:
    resolution: {integrity: sha512-u4y8WFj7SnfbHxyzCMSV2nL/GKbfZ+lidPf1V4/XUKCJ49N6ttQWp/xnqpbMQEx3naBSt93i2qtPLFj/mjPDaA==}
    dev: false

  /mkdirp@0.3.0:
    resolution: {integrity: sha512-OHsdUcVAQ6pOtg5JYWpCBo9W/GySVuwvP9hueRMW7UqshC0tbfzLv8wjySTPm3tfUZ/21CE9E1pJagOA91Pxew==}
    deprecated: Legacy versions of mkdirp are no longer supported. Please update to mkdirp 1.x. (Note that the API surface has changed to use Promises in 1.x.)
    dev: false

  /mongodb@0.9.9-7:
    resolution: {integrity: sha512-DSOdEmanoXhYGz+Oz8M1xU451huMHwqb0Fb+EbWdo/m84FJBCprDGmt4ASfqHMXDjNwd8Eh5gWzIFnDQf8HNxQ==}
    engines: {node: '>=0.4.0'}
    dependencies:
      bson: 0.0.4
    dev: false

  /mongoose@2.5.14:
    resolution: {integrity: sha512-+oNu0X5/AdMzUmEp7EWDZO8EBKzScFu/sU83/3j9xSWP7zdJnfiLSQ1faOEvMn5fApek40IIZE6SaTEYJv9z1w==}
    engines: {node: '>= 0.4.0'}
    dependencies:
      hooks: 0.2.0
      mongodb: 0.9.9-7
    dev: false

  /node-fetch@2.7.0:
    resolution: {integrity: sha512-c4FRfUm/dbcWZ7U+1Wq0AwCyFL+3nt2bEw05wfxSz+DWpWsitgmSgYmy2dQdWyKC1694ELPqMs/YzUSNozLt8A==}
    engines: {node: 4.x || >=6.0.0}
    peerDependencies:
      encoding: ^0.1.0
    peerDependenciesMeta:
      encoding:
        optional: true
    dependencies:
      whatwg-url: 5.0.0
    dev: false

  /qs@0.4.2:
    resolution: {integrity: sha512-VAtfWeUtlBOnGiWFok2vOIMmwumiLmpqXDcXQcAEIQmLYgDbjrkHrcFBfth+YVDeRsz7jX44dhJr7IBJR0t/FQ==}
    dev: false

  /readline-sync@1.4.10:
    resolution: {integrity: sha512-gNva8/6UAe8QYepIQH/jQ2qn91Qj0B9sYjMBBs3QOB8F2CXcKgLxQaJRP76sWVRQt+QU+8fAkCbCvjjMFu7Ycw==}
    engines: {node: '>= 0.8.0'}
    dev: false

  /tr46@0.0.3:
    resolution: {integrity: sha512-N3WMsuqV66lT30CrXNbEjx4GEwlow3v6rr4mCcv6prnfwhS01rkgyFdjPNBYd9br7LpXV1+Emh01fHnq2Gdgrw==}
    dev: false

  /twitter-api-v2@1.16.0:
    resolution: {integrity: sha512-e7wzWqx5oQZ9IUc2xt8JiJ84ioVGlmjmca1h0NwCKx2AFfKXDePmQa42gcBDe0qau9YaHsIpzO9z5SX1fmb+IQ==}
    dev: false

  /twt-api@1.1.0:
    resolution: {integrity: sha512-gMfhe4r0X0sLl0rAoIfLQ3s9D6GLstGXthei0Sj191Mb1IziocdgcY1CqZIqWZVI/AkiaZ9KOdL+4ZSoNsBenA==}
    dependencies:
      twitter-api-v2: 1.16.0
    dev: false

  /webidl-conversions@3.0.1:
    resolution: {integrity: sha512-2JAn3z8AR6rjK8Sm8orRC0h/bcl/DqL7tRPdGZ4I1CjdF+EaMLmYxBHyXuKL849eucPFhvBoxMsflfOb8kxaeQ==}
    dev: false

  /whatwg-url@5.0.0:
    resolution: {integrity: sha512-saE57nupxk6v3HY35+jzBwYa0rKSy0XR8JSxZPwgLr7ys0IBzhGviA1/TUGJLmSVqs8pb9AnvICXEuOHLprYTw==}
    dependencies:
      tr46: 0.0.3
      webidl-conversions: 3.0.1
    dev: false

  /xauth-login@1.0.1:
    resolution: {integrity: sha512-gilTBO9cVcipy8BOjISgK6dnEMCMr5jkKiYycsiSB2aCEGpHY0/jr5zp4aN65/YHKtZa/6+F4m3tv348JxFtfw==}
    dependencies:
      node-fetch: 2.7.0
    transitivePeerDependencies:
      - encoding
    dev: false
