lockfileVersion: '6.0'

settings:
  autoInstallPeers: true
  excludeLinksFromLockfile: false

dependencies:
  readline-sync:
    specifier: ^1.4.10
    version: 1.4.10
  twt-api:
    specifier: ^1.1.0
    version: 1.1.0
  xauth-login:
    specifier: ^1.0.1
    version: 1.0.1

packages:

  /node-fetch@2.7.0:
    resolution: {integrity: sha512-c4FRfUm/dbcWZ7U+1Wq0AwCyFL+3nt2bEw05wfxSz+DWpWsitgmSgYmy2dQdWyKC1694ELPqMs/YzUSNozLt8A==}
    engines: {node: 4.x || >=6.0.0}
    peerDependencies:
      encoding: ^0.1.0
    peerDependenciesMeta:
      encoding:
        optional: true
    dependencies:
      whatwg-url: 5.0.0
    dev: false

  /readline-sync@1.4.10:
    resolution: {integrity: sha512-gNva8/6UAe8QYepIQH/jQ2qn91Qj0B9sYjMBBs3QOB8F2CXcKgLxQaJRP76sWVRQt+QU+8fAkCbCvjjMFu7Ycw==}
    engines: {node: '>= 0.8.0'}
    dev: false

  /tr46@0.0.3:
    resolution: {integrity: sha512-N3WMsuqV66lT30CrXNbEjx4GEwlow3v6rr4mCcv6prnfwhS01rkgyFdjPNBYd9br7LpXV1+Emh01fHnq2Gdgrw==}
    dev: false

  /twitter-api-v2@1.16.0:
    resolution: {integrity: sha512-e7wzWqx5oQZ9IUc2xt8JiJ84ioVGlmjmca1h0NwCKx2AFfKXDePmQa42gcBDe0qau9YaHsIpzO9z5SX1fmb+IQ==}
    dev: false

  /twt-api@1.1.0:
    resolution: {integrity: sha512-gMfhe4r0X0sLl0rAoIfLQ3s9D6GLstGXthei0Sj191Mb1IziocdgcY1CqZIqWZVI/AkiaZ9KOdL+4ZSoNsBenA==}
    dependencies:
      twitter-api-v2: 1.16.0
    dev: false

  /webidl-conversions@3.0.1:
    resolution: {integrity: sha512-2JAn3z8AR6rjK8Sm8orRC0h/bcl/DqL7tRPdGZ4I1CjdF+EaMLmYxBHyXuKL849eucPFhvBoxMsflfOb8kxaeQ==}
    dev: false

  /whatwg-url@5.0.0:
    resolution: {integrity: sha512-saE57nupxk6v3HY35+jzBwYa0rKSy0XR8JSxZPwgLr7ys0IBzhGviA1/TUGJLmSVqs8pb9AnvICXEuOHLprYTw==}
    dependencies:
      tr46: 0.0.3
      webidl-conversions: 3.0.1
    dev: false

  /xauth-login@1.0.1:
    resolution: {integrity: sha512-gilTBO9cVcipy8BOjISgK6dnEMCMr5jkKiYycsiSB2aCEGpHY0/jr5zp4aN65/YHKtZa/6+F4m3tv348JxFtfw==}
    dependencies:
      node-fetch: 2.7.0
    transitivePeerDependencies:
      - encoding
    dev: false
